
Microsoft Visual Studio Solution File, Format Version 12.00
# Visual Studio Version 17
VisualStudioVersion = 17.2.32519.379
MinimumVisualStudioVersion = 10.0.40219.1
Project("{FAE04EC0-301F-11D3-BF4B-00C04F79EFBC}") = "lab 1", "lab 1\lab 1.csproj", "{A0C3CF53-CF19-4889-B3EA-903A186A7D0B}"
EndProject
Global
	GlobalSection(SolutionConfigurationPlatforms) = preSolution
		Debug|Any CPU = Debug|Any CPU
		Release|Any CPU = Release|Any CPU
	EndGlobalSection
	GlobalSection(ProjectConfigurationPlatforms) = postSolution
		{A0C3CF53-CF19-4889-B3EA-903A186A7D0B}.Debug|Any CPU.ActiveCfg = Debug|Any CPU
		{A0C3CF53-CF19-4889-B3EA-903A186A7D0B}.Debug|Any CPU.Build.0 = Debug|Any CPU
		{A0C3CF53-CF19-4889-B3EA-903A186A7D0B}.Release|Any CPU.ActiveCfg = Release|Any CPU
		{A0C3CF53-CF19-4889-B3EA-903A186A7D0B}.Release|Any CPU.Build.0 = Release|Any CPU
	EndGlobalSection
	GlobalSection(SolutionProperties) = preSolution
		HideSolutionNode = FALSE
	EndGlobalSection
	GlobalSection(ExtensibilityGlobals) = postSolution
		SolutionGuid = {5CD94B96-42E1-4FC3-8DFF-F53A2061F024}
	EndGlobalSection
EndGlobal
